
Microsoft Visual Studio Solution File, Format Version 12.00
# Visual Studio Version 16
VisualStudioVersion = 16.0.28803.352
MinimumVisualStudioVersion = 10.0.40219.1
Project("{FAE04EC0-301F-11D3-BF4B-00C04F79EFBC}") = "WebApplication1", "WebApplication1\WebApplication1.csproj", "{3DFF4E3B-4684-40CD-A630-2328E3E0B94A}"
EndProject
Project("{FAE04EC0-301F-11D3-BF4B-00C04F79EFBC}") = "LibraryServices.Data", "LibraryServices.Data\LibraryServices.Data.csproj", "{81808130-7A0F-405D-8669-355377ACC24E}"
EndProject
Project("{FAE04EC0-301F-11D3-BF4B-00C04F79EFBC}") = "DatabaseSample", "DatabaseSample\DatabaseSample.csproj", "{9AAEDE46-DD3E-4ED7-B05D-073E19AE19CE}"
EndProject
Project("{FAE04EC0-301F-11D3-BF4B-00C04F79EFBC}") = "SampleAPIConsumer", "SampleAPIConsumer\SampleAPIConsumer.csproj", "{B251669E-00FD-4221-9128-BF824657544C}"
EndProject
Project("{FAE04EC0-301F-11D3-BF4B-00C04F79EFBC}") = "myRestAPI", "myRestAPI\myRestAPI.csproj", "{CD84E610-03F3-49D4-A11F-A9261CC4CBFB}"
EndProject
Global
	GlobalSection(SolutionConfigurationPlatforms) = preSolution
		Debug|Any CPU = Debug|Any CPU
		Release|Any CPU = Release|Any CPU
	EndGlobalSection
	GlobalSection(ProjectConfigurationPlatforms) = postSolution
		{3DFF4E3B-4684-40CD-A630-2328E3E0B94A}.Debug|Any CPU.ActiveCfg = Debug|Any CPU
		{3DFF4E3B-4684-40CD-A630-2328E3E0B94A}.Debug|Any CPU.Build.0 = Debug|Any CPU
		{3DFF4E3B-4684-40CD-A630-2328E3E0B94A}.Release|Any CPU.ActiveCfg = Release|Any CPU
		{3DFF4E3B-4684-40CD-A630-2328E3E0B94A}.Release|Any CPU.Build.0 = Release|Any CPU
		{81808130-7A0F-405D-8669-355377ACC24E}.Debug|Any CPU.ActiveCfg = Debug|Any CPU
		{81808130-7A0F-405D-8669-355377ACC24E}.Debug|Any CPU.Build.0 = Debug|Any CPU
		{81808130-7A0F-405D-8669-355377ACC24E}.Release|Any CPU.ActiveCfg = Release|Any CPU
		{81808130-7A0F-405D-8669-355377ACC24E}.Release|Any CPU.Build.0 = Release|Any CPU
		{9AAEDE46-DD3E-4ED7-B05D-073E19AE19CE}.Debug|Any CPU.ActiveCfg = Debug|Any CPU
		{9AAEDE46-DD3E-4ED7-B05D-073E19AE19CE}.Debug|Any CPU.Build.0 = Debug|Any CPU
		{9AAEDE46-DD3E-4ED7-B05D-073E19AE19CE}.Release|Any CPU.ActiveCfg = Release|Any CPU
		{9AAEDE46-DD3E-4ED7-B05D-073E19AE19CE}.Release|Any CPU.Build.0 = Release|Any CPU
		{B251669E-00FD-4221-9128-BF824657544C}.Debug|Any CPU.ActiveCfg = Debug|Any CPU
		{B251669E-00FD-4221-9128-BF824657544C}.Debug|Any CPU.Build.0 = Debug|Any CPU
		{B251669E-00FD-4221-9128-BF824657544C}.Release|Any CPU.ActiveCfg = Release|Any CPU
		{B251669E-00FD-4221-9128-BF824657544C}.Release|Any CPU.Build.0 = Release|Any CPU
		{CD84E610-03F3-49D4-A11F-A9261CC4CBFB}.Debug|Any CPU.ActiveCfg = Debug|Any CPU
		{CD84E610-03F3-49D4-A11F-A9261CC4CBFB}.Debug|Any CPU.Build.0 = Debug|Any CPU
		{CD84E610-03F3-49D4-A11F-A9261CC4CBFB}.Release|Any CPU.ActiveCfg = Release|Any CPU
		{CD84E610-03F3-49D4-A11F-A9261CC4CBFB}.Release|Any CPU.Build.0 = Release|Any CPU
	EndGlobalSection
	GlobalSection(SolutionProperties) = preSolution
		HideSolutionNode = FALSE
	EndGlobalSection
	GlobalSection(ExtensibilityGlobals) = postSolution
		SolutionGuid = {AC59686E-29C6-4DDA-8276-3FE2A4AEB3E4}
	EndGlobalSection
EndGlobal
